
Microsoft Visual Studio Solution File, Format Version 12.00
# Visual Studio Version 16
VisualStudioVersion = 16.0.31005.135
MinimumVisualStudioVersion = 10.0.40219.1
Project("{FAE04EC0-301F-11D3-BF4B-00C04F79EFBC}") = "MealPlanner", "MealPlanner\MealPlanner.csproj", "{72F68694-EA9B-45A0-AE1E-8EBB50640600}"
EndProject
Global
	GlobalSection(SolutionConfigurationPlatforms) = preSolution
		Debug|Any CPU = Debug|Any CPU
		Release|Any CPU = Release|Any CPU
	EndGlobalSection
	GlobalSection(ProjectConfigurationPlatforms) = postSolution
		{72F68694-EA9B-45A0-AE1E-8EBB50640600}.Debug|Any CPU.ActiveCfg = Debug|Any CPU
		{72F68694-EA9B-45A0-AE1E-8EBB50640600}.Debug|Any CPU.Build.0 = Debug|Any CPU
		{72F68694-EA9B-45A0-AE1E-8EBB50640600}.Release|Any CPU.ActiveCfg = Release|Any CPU
		{72F68694-EA9B-45A0-AE1E-8EBB50640600}.Release|Any CPU.Build.0 = Release|Any CPU
	EndGlobalSection
	GlobalSection(SolutionProperties) = preSolution
		HideSolutionNode = FALSE
	EndGlobalSection
	GlobalSection(ExtensibilityGlobals) = postSolution
		SolutionGuid = {FF044EEE-9891-4186-B1F7-3A495C92DA80}
	EndGlobalSection
EndGlobal
